
Microsoft Visual Studio Solution File, Format Version 12.00
# Visual Studio 15
VisualStudioVersion = 15.0.27004.2005
MinimumVisualStudioVersion = 10.0.40219.1
Project("{FAE04EC0-301F-11D3-BF4B-00C04F79EFBC}") = "Komponenten", "Komponenten\Komponenten.csproj", "{C0DCB93E-474F-4874-B9CC-B11CF2F6F086}"
EndProject
Project("{FAE04EC0-301F-11D3-BF4B-00C04F79EFBC}") = "CnemaUnitTest", "CnemaUnitTest\CnemaUnitTest.csproj", "{73440DDC-9B0F-4B43-8A9A-2AB076B46D7C}"
EndProject
Project("{FAE04EC0-301F-11D3-BF4B-00C04F79EFBC}") = "GUI", "GUI\GUI.csproj", "{123C816A-36C2-412B-8734-156D2E46D005}"
EndProject
Global
	GlobalSection(SolutionConfigurationPlatforms) = preSolution
		Debug|Any CPU = Debug|Any CPU
		Release|Any CPU = Release|Any CPU
	EndGlobalSection
	GlobalSection(ProjectConfigurationPlatforms) = postSolution
		{C0DCB93E-474F-4874-B9CC-B11CF2F6F086}.Debug|Any CPU.ActiveCfg = Debug|Any CPU
		{C0DCB93E-474F-4874-B9CC-B11CF2F6F086}.Debug|Any CPU.Build.0 = Debug|Any CPU
		{C0DCB93E-474F-4874-B9CC-B11CF2F6F086}.Release|Any CPU.ActiveCfg = Release|Any CPU
		{C0DCB93E-474F-4874-B9CC-B11CF2F6F086}.Release|Any CPU.Build.0 = Release|Any CPU
		{73440DDC-9B0F-4B43-8A9A-2AB076B46D7C}.Debug|Any CPU.ActiveCfg = Debug|Any CPU
		{73440DDC-9B0F-4B43-8A9A-2AB076B46D7C}.Debug|Any CPU.Build.0 = Debug|Any CPU
		{73440DDC-9B0F-4B43-8A9A-2AB076B46D7C}.Release|Any CPU.ActiveCfg = Release|Any CPU
		{73440DDC-9B0F-4B43-8A9A-2AB076B46D7C}.Release|Any CPU.Build.0 = Release|Any CPU
		{123C816A-36C2-412B-8734-156D2E46D005}.Debug|Any CPU.ActiveCfg = Debug|Any CPU
		{123C816A-36C2-412B-8734-156D2E46D005}.Debug|Any CPU.Build.0 = Debug|Any CPU
		{123C816A-36C2-412B-8734-156D2E46D005}.Release|Any CPU.ActiveCfg = Release|Any CPU
		{123C816A-36C2-412B-8734-156D2E46D005}.Release|Any CPU.Build.0 = Release|Any CPU
	EndGlobalSection
	GlobalSection(SolutionProperties) = preSolution
		HideSolutionNode = FALSE
	EndGlobalSection
	GlobalSection(ExtensibilityGlobals) = postSolution
		SolutionGuid = {6AC0CB70-2996-43DC-B7B7-71FF54421C6D}
	EndGlobalSection
EndGlobal
